// !$*UTF8*$!
{
	archiveVersion = 1;
	classes = {
	};
	objectVersion = 56;
	objects = {

/* Begin PBXBuildFile section */
		151E34EC2B739D3D003CEC3F /* TaskManagerApp.swift in Sources */ = {isa = PBXBuildFile; fileRef = 151E34EB2B739D3D003CEC3F /* TaskManagerApp.swift */; };
		151E34EE2B739D3D003CEC3F /* MyTasksView.swift in Sources */ = {isa = PBXBuildFile; fileRef = 151E34ED2B739D3D003CEC3F /* MyTasksView.swift */; };
		151E34F02B739D3E003CEC3F /* Assets.xcassets in Resources */ = {isa = PBXBuildFile; fileRef = 151E34EF2B739D3E003CEC3F /* Assets.xcassets */; };
		151E34F32B739D3E003CEC3F /* Preview Assets.xcassets in Resources */ = {isa = PBXBuildFile; fileRef = 151E34F22B739D3E003CEC3F /* Preview Assets.xcassets */; };
		151E34FB2B739D58003CEC3F /* Realm in Frameworks */ = {isa = PBXBuildFile; productRef = 151E34FA2B739D58003CEC3F /* Realm */; };
		151E34FD2B739D58003CEC3F /* RealmSwift in Frameworks */ = {isa = PBXBuildFile; productRef = 151E34FC2B739D58003CEC3F /* RealmSwift */; };
		151E35042B73D759003CEC3F /* Task.swift in Sources */ = {isa = PBXBuildFile; fileRef = 151E35032B73D759003CEC3F /* Task.swift */; };
		151E35082B73DB52003CEC3F /* MyTasks.swift in Sources */ = {isa = PBXBuildFile; fileRef = 151E35072B73DB52003CEC3F /* MyTasks.swift */; };
		151E350C2B73DCAB003CEC3F /* AddNewTask.swift in Sources */ = {isa = PBXBuildFile; fileRef = 151E350B2B73DCAB003CEC3F /* AddNewTask.swift */; };
		151E350E2B73E1AD003CEC3F /* RealmManager.swift in Sources */ = {isa = PBXBuildFile; fileRef = 151E350D2B73E1AD003CEC3F /* RealmManager.swift */; };
		155979042B76214500B82BAE /* EditTask.swift in Sources */ = {isa = PBXBuildFile; fileRef = 155979032B76214500B82BAE /* EditTask.swift */; };
/* End PBXBuildFile section */

/* Begin PBXFileReference section */
		151E34E82B739D3D003CEC3F /* TaskManager.app */ = {isa = PBXFileReference; explicitFileType = wrapper.application; includeInIndex = 0; path = TaskManager.app; sourceTree = BUILT_PRODUCTS_DIR; };
		151E34EB2B739D3D003CEC3F /* TaskManagerApp.swift */ = {isa = PBXFileReference; lastKnownFileType = sourcecode.swift; path = TaskManagerApp.swift; sourceTree = "<group>"; };
		151E34ED2B739D3D003CEC3F /* MyTasksView.swift */ = {isa = PBXFileReference; lastKnownFileType = sourcecode.swift; path = MyTasksView.swift; sourceTree = "<group>"; };
		151E34EF2B739D3E003CEC3F /* Assets.xcassets */ = {isa = PBXFileReference; lastKnownFileType = folder.assetcatalog; path = Assets.xcassets; sourceTree = "<group>"; };
		151E34F22B739D3E003CEC3F /* Preview Assets.xcassets */ = {isa = PBXFileReference; lastKnownFileType = folder.assetcatalog; path = "Preview Assets.xcassets"; sourceTree = "<group>"; };
		151E35032B73D759003CEC3F /* Task.swift */ = {isa = PBXFileReference; lastKnownFileType = sourcecode.swift; path = Task.swift; sourceTree = "<group>"; };
		151E35072B73DB52003CEC3F /* MyTasks.swift */ = {isa = PBXFileReference; lastKnownFileType = sourcecode.swift; path = MyTasks.swift; sourceTree = "<group>"; };
		151E350B2B73DCAB003CEC3F /* AddNewTask.swift */ = {isa = PBXFileReference; lastKnownFileType = sourcecode.swift; path = AddNewTask.swift; sourceTree = "<group>"; };
		151E350D2B73E1AD003CEC3F /* RealmManager.swift */ = {isa = PBXFileReference; lastKnownFileType = sourcecode.swift; path = RealmManager.swift; sourceTree = "<group>"; };
		155979032B76214500B82BAE /* EditTask.swift */ = {isa = PBXFileReference; lastKnownFileType = sourcecode.swift; path = EditTask.swift; sourceTree = "<group>"; };
/* End PBXFileReference section */

/* Begin PBXFrameworksBuildPhase section */
		151E34E52B739D3D003CEC3F /* Frameworks */ = {
			isa = PBXFrameworksBuildPhase;
			buildActionMask = 2147483647;
			files = (
				151E34FD2B739D58003CEC3F /* RealmSwift in Frameworks */,
				151E34FB2B739D58003CEC3F /* Realm in Frameworks */,
			);
			runOnlyForDeploymentPostprocessing = 0;
		};
/* End PBXFrameworksBuildPhase section */

/* Begin PBXGroup section */
		151E34DF2B739D3D003CEC3F = {
			isa = PBXGroup;
			children = (
				151E34EA2B739D3D003CEC3F /* TaskManager */,
				151E34E92B739D3D003CEC3F /* Products */,
			);
			sourceTree = "<group>";
		};
		151E34E92B739D3D003CEC3F /* Products */ = {
			isa = PBXGroup;
			children = (
				151E34E82B739D3D003CEC3F /* TaskManager.app */,
			);
			name = Products;
			sourceTree = "<group>";
		};
		151E34EA2B739D3D003CEC3F /* TaskManager */ = {
			isa = PBXGroup;
			children = (
				1589AA002B76579800219340 /* Manager */,
				151E35052B73DAD8003CEC3F /* UI */,
				151E34EB2B739D3D003CEC3F /* TaskManagerApp.swift */,
				151E34EF2B739D3E003CEC3F /* Assets.xcassets */,
				151E34F12B739D3E003CEC3F /* Preview Content */,
			);
			path = TaskManager;
			sourceTree = "<group>";
		};
		151E34F12B739D3E003CEC3F /* Preview Content */ = {
			isa = PBXGroup;
			children = (
				151E34F22B739D3E003CEC3F /* Preview Assets.xcassets */,
			);
			path = "Preview Content";
			sourceTree = "<group>";
		};
		151E35002B73D740003CEC3F /* Database */ = {
			isa = PBXGroup;
			children = (
				151E35012B73D748003CEC3F /* Models */,
				151E350D2B73E1AD003CEC3F /* RealmManager.swift */,
			);
			path = Database;
			sourceTree = "<group>";
		};
		151E35012B73D748003CEC3F /* Models */ = {
			isa = PBXGroup;
			children = (
				151E35032B73D759003CEC3F /* Task.swift */,
			);
			path = Models;
			sourceTree = "<group>";
		};
		151E35052B73DAD8003CEC3F /* UI */ = {
			isa = PBXGroup;
			children = (
				151E35062B73DB0D003CEC3F /* MyTasks */,
			);
			path = UI;
			sourceTree = "<group>";
		};
		151E35062B73DB0D003CEC3F /* MyTasks */ = {
			isa = PBXGroup;
			children = (
				151E35092B73DC92003CEC3F /* Master */,
				151E350A2B73DC97003CEC3F /* Details */,
			);
			path = MyTasks;
			sourceTree = "<group>";
		};
		151E35092B73DC92003CEC3F /* Master */ = {
			isa = PBXGroup;
			children = (
				151E34ED2B739D3D003CEC3F /* MyTasksView.swift */,
				151E35072B73DB52003CEC3F /* MyTasks.swift */,
			);
			path = Master;
			sourceTree = "<group>";
		};
		151E350A2B73DC97003CEC3F /* Details */ = {
			isa = PBXGroup;
			children = (
				151E350B2B73DCAB003CEC3F /* AddNewTask.swift */,
				155979032B76214500B82BAE /* EditTask.swift */,
			);
			path = Details;
			sourceTree = "<group>";
		};
		1589AA002B76579800219340 /* Manager */ = {
			isa = PBXGroup;
			children = (
				151E35002B73D740003CEC3F /* Database */,
			);
			path = Manager;
			sourceTree = "<group>";
		};
/* End PBXGroup section */

/* Begin PBXNativeTarget section */
		151E34E72B739D3D003CEC3F /* TaskManager */ = {
			isa = PBXNativeTarget;
			buildConfigurationList = 151E34F62B739D3E003CEC3F /* Build configuration list for PBXNativeTarget "TaskManager" */;
			buildPhases = (
				151E34E42B739D3D003CEC3F /* Sources */,
				151E34E52B739D3D003CEC3F /* Frameworks */,
				151E34E62B739D3D003CEC3F /* Resources */,
			);
			buildRules = (
			);
			dependencies = (
			);
			name = TaskManager;
			packageProductDependencies = (
				151E34FA2B739D58003CEC3F /* Realm */,
				151E34FC2B739D58003CEC3F /* RealmSwift */,
			);
			productName = TaskManager;
			productReference = 151E34E82B739D3D003CEC3F /* TaskManager.app */;
			productType = "com.apple.product-type.application";
		};
/* End PBXNativeTarget section */

/* Begin PBXProject section */
		151E34E02B739D3D003CEC3F /* Project object */ = {
			isa = PBXProject;
			attributes = {
				BuildIndependentTargetsInParallel = 1;
				LastSwiftUpdateCheck = 1500;
				LastUpgradeCheck = 1500;
				TargetAttributes = {
					151E34E72B739D3D003CEC3F = {
						CreatedOnToolsVersion = 15.0;
					};
				};
			};
			buildConfigurationList = 151E34E32B739D3D003CEC3F /* Build configuration list for PBXProject "TaskManager" */;
			compatibilityVersion = "Xcode 14.0";
			developmentRegion = en;
			hasScannedForEncodings = 0;
			knownRegions = (
				en,
				Base,
			);
			mainGroup = 151E34DF2B739D3D003CEC3F;
			packageReferences = (
				151E34F92B739D58003CEC3F /* XCRemoteSwiftPackageReference "realm-swift" */,
			);
			productRefGroup = 151E34E92B739D3D003CEC3F /* Products */;
			projectDirPath = "";
			projectRoot = "";
			targets = (
				151E34E72B739D3D003CEC3F /* TaskManager */,
			);
		};
/* End PBXProject section */

/* Begin PBXResourcesBuildPhase section */
		151E34E62B739D3D003CEC3F /* Resources */ = {
			isa = PBXResourcesBuildPhase;
			buildActionMask = 2147483647;
			files = (
				151E34F32B739D3E003CEC3F /* Preview Assets.xcassets in Resources */,
				151E34F02B739D3E003CEC3F /* Assets.xcassets in Resources */,
			);
			runOnlyForDeploymentPostprocessing = 0;
		};
/* End PBXResourcesBuildPhase section */

/* Begin PBXSourcesBuildPhase section */
		151E34E42B739D3D003CEC3F /* Sources */ = {
			isa = PBXSourcesBuildPhase;
			buildActionMask = 2147483647;
			files = (
				151E350E2B73E1AD003CEC3F /* RealmManager.swift in Sources */,
				151E35082B73DB52003CEC3F /* MyTasks.swift in Sources */,
				151E34EE2B739D3D003CEC3F /* MyTasksView.swift in Sources */,
				155979042B76214500B82BAE /* EditTask.swift in Sources */,
				151E35042B73D759003CEC3F /* Task.swift in Sources */,
				151E34EC2B739D3D003CEC3F /* TaskManagerApp.swift in Sources */,
				151E350C2B73DCAB003CEC3F /* AddNewTask.swift in Sources */,
			);
			runOnlyForDeploymentPostprocessing = 0;
		};
/* End PBXSourcesBuildPhase section */

/* Begin XCBuildConfiguration section */
		151E34F42B739D3E003CEC3F /* Debug */ = {
			isa = XCBuildConfiguration;
			buildSettings = {
				ALWAYS_SEARCH_USER_PATHS = NO;
				ASSETCATALOG_COMPILER_GENERATE_SWIFT_ASSET_SYMBOL_EXTENSIONS = YES;
				CLANG_ANALYZER_NONNULL = YES;
				CLANG_ANALYZER_NUMBER_OBJECT_CONVERSION = YES_AGGRESSIVE;
				CLANG_CXX_LANGUAGE_STANDARD = "gnu++20";
				CLANG_ENABLE_MODULES = YES;
				CLANG_ENABLE_OBJC_ARC = YES;
				CLANG_ENABLE_OBJC_WEAK = YES;
				CLANG_WARN_BLOCK_CAPTURE_AUTORELEASING = YES;
				CLANG_WARN_BOOL_CONVERSION = YES;
				CLANG_WARN_COMMA = YES;
				CLANG_WARN_CONSTANT_CONVERSION = YES;
				CLANG_WARN_DEPRECATED_OBJC_IMPLEMENTATIONS = YES;
				CLANG_WARN_DIRECT_OBJC_ISA_USAGE = YES_ERROR;
				CLANG_WARN_DOCUMENTATION_COMMENTS = YES;
				CLANG_WARN_EMPTY_BODY = YES;
				CLANG_WARN_ENUM_CONVERSION = YES;
				CLANG_WARN_INFINITE_RECURSION = YES;
				CLANG_WARN_INT_CONVERSION = YES;
				CLANG_WARN_NON_LITERAL_NULL_CONVERSION = YES;
				CLANG_WARN_OBJC_IMPLICIT_RETAIN_SELF = YES;
				CLANG_WARN_OBJC_LITERAL_CONVERSION = YES;
				CLANG_WARN_OBJC_ROOT_CLASS = YES_ERROR;
				CLANG_WARN_QUOTED_INCLUDE_IN_FRAMEWORK_HEADER = YES;
				CLANG_WARN_RANGE_LOOP_ANALYSIS = YES;
				CLANG_WARN_STRICT_PROTOTYPES = YES;
				CLANG_WARN_SUSPICIOUS_MOVE = YES;
				CLANG_WARN_UNGUARDED_AVAILABILITY = YES_AGGRESSIVE;
				CLANG_WARN_UNREACHABLE_CODE = YES;
				CLANG_WARN__DUPLICATE_METHOD_MATCH = YES;
				COPY_PHASE_STRIP = NO;
				DEBUG_INFORMATION_FORMAT = dwarf;
				ENABLE_STRICT_OBJC_MSGSEND = YES;
				ENABLE_TESTABILITY = YES;
				ENABLE_USER_SCRIPT_SANDBOXING = YES;
				GCC_C_LANGUAGE_STANDARD = gnu17;
				GCC_DYNAMIC_NO_PIC = NO;
				GCC_NO_COMMON_BLOCKS = YES;
				GCC_OPTIMIZATION_LEVEL = 0;
				GCC_PREPROCESSOR_DEFINITIONS = (
					"DEBUG=1",
					"$(inherited)",
				);
				GCC_WARN_64_TO_32_BIT_CONVERSION = YES;
				GCC_WARN_ABOUT_RETURN_TYPE = YES_ERROR;
				GCC_WARN_UNDECLARED_SELECTOR = YES;
				GCC_WARN_UNINITIALIZED_AUTOS = YES_AGGRESSIVE;
				GCC_WARN_UNUSED_FUNCTION = YES;
				GCC_WARN_UNUSED_VARIABLE = YES;
				IPHONEOS_DEPLOYMENT_TARGET = 17.0;
				LOCALIZATION_PREFERS_STRING_CATALOGS = YES;
				MTL_ENABLE_DEBUG_INFO = INCLUDE_SOURCE;
				MTL_FAST_MATH = YES;
				ONLY_ACTIVE_ARCH = YES;
				SDKROOT = iphoneos;
				SWIFT_ACTIVE_COMPILATION_CONDITIONS = "DEBUG $(inherited)";
				SWIFT_OPTIMIZATION_LEVEL = "-Onone";
			};
			name = Debug;
		};
		151E34F52B739D3E003CEC3F /* Release */ = {
			isa = XCBuildConfiguration;
			buildSettings = {
				ALWAYS_SEARCH_USER_PATHS = NO;
				ASSETCATALOG_COMPILER_GENERATE_SWIFT_ASSET_SYMBOL_EXTENSIONS = YES;
				CLANG_ANALYZER_NONNULL = YES;
				CLANG_ANALYZER_NUMBER_OBJECT_CONVERSION = YES_AGGRESSIVE;
				CLANG_CXX_LANGUAGE_STANDARD = "gnu++20";
				CLANG_ENABLE_MODULES = YES;
				CLANG_ENABLE_OBJC_ARC = YES;
				CLANG_ENABLE_OBJC_WEAK = YES;
				CLANG_WARN_BLOCK_CAPTURE_AUTORELEASING = YES;
				CLANG_WARN_BOOL_CONVERSION = YES;
				CLANG_WARN_COMMA = YES;
				CLANG_WARN_CONSTANT_CONVERSION = YES;
				CLANG_WARN_DEPRECATED_OBJC_IMPLEMENTATIONS = YES;
				CLANG_WARN_DIRECT_OBJC_ISA_USAGE = YES_ERROR;
				CLANG_WARN_DOCUMENTATION_COMMENTS = YES;
				CLANG_WARN_EMPTY_BODY = YES;
				CLANG_WARN_ENUM_CONVERSION = YES;
				CLANG_WARN_INFINITE_RECURSION = YES;
				CLANG_WARN_INT_CONVERSION = YES;
				CLANG_WARN_NON_LITERAL_NULL_CONVERSION = YES;
				CLANG_WARN_OBJC_IMPLICIT_RETAIN_SELF = YES;
				CLANG_WARN_OBJC_LITERAL_CONVERSION = YES;
				CLANG_WARN_OBJC_ROOT_CLASS = YES_ERROR;
				CLANG_WARN_QUOTED_INCLUDE_IN_FRAMEWORK_HEADER = YES;
				CLANG_WARN_RANGE_LOOP_ANALYSIS = YES;
				CLANG_WARN_STRICT_PROTOTYPES = YES;
				CLANG_WARN_SUSPICIOUS_MOVE = YES;
				CLANG_WARN_UNGUARDED_AVAILABILITY = YES_AGGRESSIVE;
				CLANG_WARN_UNREACHABLE_CODE = YES;
				CLANG_WARN__DUPLICATE_METHOD_MATCH = YES;
				COPY_PHASE_STRIP = NO;
				DEBUG_INFORMATION_FORMAT = "dwarf-with-dsym";
				ENABLE_NS_ASSERTIONS = NO;
				ENABLE_STRICT_OBJC_MSGSEND = YES;
				ENABLE_USER_SCRIPT_SANDBOXING = YES;
				GCC_C_LANGUAGE_STANDARD = gnu17;
				GCC_NO_COMMON_BLOCKS = YES;
				GCC_WARN_64_TO_32_BIT_CONVERSION = YES;
				GCC_WARN_ABOUT_RETURN_TYPE = YES_ERROR;
				GCC_WARN_UNDECLARED_SELECTOR = YES;
				GCC_WARN_UNINITIALIZED_AUTOS = YES_AGGRESSIVE;
				GCC_WARN_UNUSED_FUNCTION = YES;
				GCC_WARN_UNUSED_VARIABLE = YES;
				IPHONEOS_DEPLOYMENT_TARGET = 17.0;
				LOCALIZATION_PREFERS_STRING_CATALOGS = YES;
				MTL_ENABLE_DEBUG_INFO = NO;
				MTL_FAST_MATH = YES;
				SDKROOT = iphoneos;
				SWIFT_COMPILATION_MODE = wholemodule;
				VALIDATE_PRODUCT = YES;
			};
			name = Release;
		};
		151E34F72B739D3E003CEC3F /* Debug */ = {
			isa = XCBuildConfiguration;
			buildSettings = {
				ASSETCATALOG_COMPILER_APPICON_NAME = AppIcon;
				ASSETCATALOG_COMPILER_GLOBAL_ACCENT_COLOR_NAME = AccentColor;
				CODE_SIGN_STYLE = Automatic;
				CURRENT_PROJECT_VERSION = 1;
				DEVELOPMENT_ASSET_PATHS = "\"TaskManager/Preview Content\"";
				DEVELOPMENT_TEAM = 4H9KK8ZL5W;
				ENABLE_PREVIEWS = YES;
				GENERATE_INFOPLIST_FILE = YES;
				INFOPLIST_KEY_UIApplicationSceneManifest_Generation = YES;
				INFOPLIST_KEY_UIApplicationSupportsIndirectInputEvents = YES;
				INFOPLIST_KEY_UILaunchScreen_Generation = YES;
				INFOPLIST_KEY_UISupportedInterfaceOrientations_iPad = "UIInterfaceOrientationPortrait UIInterfaceOrientationPortraitUpsideDown UIInterfaceOrientationLandscapeLeft UIInterfaceOrientationLandscapeRight";
				INFOPLIST_KEY_UISupportedInterfaceOrientations_iPhone = "UIInterfaceOrientationPortrait UIInterfaceOrientationLandscapeLeft UIInterfaceOrientationLandscapeRight";
				LD_RUNPATH_SEARCH_PATHS = (
					"$(inherited)",
					"@executable_path/Frameworks",
				);
				MARKETING_VERSION = 1.0;
				PRODUCT_BUNDLE_IDENTIFIER = com.personal.apl.TaskManager;
				PRODUCT_NAME = "$(TARGET_NAME)";
				SWIFT_EMIT_LOC_STRINGS = YES;
				SWIFT_VERSION = 5.0;
				TARGETED_DEVICE_FAMILY = "1,2";
			};
			name = Debug;
		};
		151E34F82B739D3E003CEC3F /* Release */ = {
			isa = XCBuildConfiguration;
			buildSettings = {
				ASSETCATALOG_COMPILER_APPICON_NAME = AppIcon;
				ASSETCATALOG_COMPILER_GLOBAL_ACCENT_COLOR_NAME = AccentColor;
				CODE_SIGN_STYLE = Automatic;
				CURRENT_PROJECT_VERSION = 1;
				DEVELOPMENT_ASSET_PATHS = "\"TaskManager/Preview Content\"";
				DEVELOPMENT_TEAM = 4H9KK8ZL5W;
				ENABLE_PREVIEWS = YES;
				GENERATE_INFOPLIST_FILE = YES;
				INFOPLIST_KEY_UIApplicationSceneManifest_Generation = YES;
				INFOPLIST_KEY_UIApplicationSupportsIndirectInputEvents = YES;
				INFOPLIST_KEY_UILaunchScreen_Generation = YES;
				INFOPLIST_KEY_UISupportedInterfaceOrientations_iPad = "UIInterfaceOrientationPortrait UIInterfaceOrientationPortraitUpsideDown UIInterfaceOrientationLandscapeLeft UIInterfaceOrientationLandscapeRight";
				INFOPLIST_KEY_UISupportedInterfaceOrientations_iPhone = "UIInterfaceOrientationPortrait UIInterfaceOrientationLandscapeLeft UIInterfaceOrientationLandscapeRight";
				LD_RUNPATH_SEARCH_PATHS = (
					"$(inherited)",
					"@executable_path/Frameworks",
				);
				MARKETING_VERSION = 1.0;
				PRODUCT_BUNDLE_IDENTIFIER = com.personal.apl.TaskManager;
				PRODUCT_NAME = "$(TARGET_NAME)";
				SWIFT_EMIT_LOC_STRINGS = YES;
				SWIFT_VERSION = 5.0;
				TARGETED_DEVICE_FAMILY = "1,2";
			};
			name = Release;
		};
/* End XCBuildConfiguration section */

/* Begin XCConfigurationList section */
		151E34E32B739D3D003CEC3F /* Build configuration list for PBXProject "TaskManager" */ = {
			isa = XCConfigurationList;
			buildConfigurations = (
				151E34F42B739D3E003CEC3F /* Debug */,
				151E34F52B739D3E003CEC3F /* Release */,
			);
			defaultConfigurationIsVisible = 0;
			defaultConfigurationName = Release;
		};
		151E34F62B739D3E003CEC3F /* Build configuration list for PBXNativeTarget "TaskManager" */ = {
			isa = XCConfigurationList;
			buildConfigurations = (
				151E34F72B739D3E003CEC3F /* Debug */,
				151E34F82B739D3E003CEC3F /* Release */,
			);
			defaultConfigurationIsVisible = 0;
			defaultConfigurationName = Release;
		};
/* End XCConfigurationList section */

/* Begin XCRemoteSwiftPackageReference section */
		151E34F92B739D58003CEC3F /* XCRemoteSwiftPackageReference "realm-swift" */ = {
			isa = XCRemoteSwiftPackageReference;
			repositoryURL = "https://github.com/realm/realm-swift";
			requirement = {
				branch = master;
				kind = branch;
			};
		};
/* End XCRemoteSwiftPackageReference section */

/* Begin XCSwiftPackageProductDependency section */
		151E34FA2B739D58003CEC3F /* Realm */ = {
			isa = XCSwiftPackageProductDependency;
			package = 151E34F92B739D58003CEC3F /* XCRemoteSwiftPackageReference "realm-swift" */;
			productName = Realm;
		};
		151E34FC2B739D58003CEC3F /* RealmSwift */ = {
			isa = XCSwiftPackageProductDependency;
			package = 151E34F92B739D58003CEC3F /* XCRemoteSwiftPackageReference "realm-swift" */;
			productName = RealmSwift;
		};
/* End XCSwiftPackageProductDependency section */
	};
	rootObject = 151E34E02B739D3D003CEC3F /* Project object */;
}
